// !$*UTF8*$!
{
	archiveVersion = 1;
	classes = {
	};
	objectVersion = 46;
	objects = {

/* Begin PBXBuildFile section */
		658AC4D01E777B0D00EFD7C1 /* AppDelegate.swift in Sources */ = {isa = PBXBuildFile; fileRef = 658AC4CF1E777B0D00EFD7C1 /* AppDelegate.swift */; };
		658AC4D21E777B0D00EFD7C1 /* ViewController.swift in Sources */ = {isa = PBXBuildFile; fileRef = 658AC4D11E777B0D00EFD7C1 /* ViewController.swift */; };
		658AC4D51E777B0D00EFD7C1 /* Main.storyboard in Resources */ = {isa = PBXBuildFile; fileRef = 658AC4D31E777B0D00EFD7C1 /* Main.storyboard */; };
		658AC4D71E777B0D00EFD7C1 /* Assets.xcassets in Resources */ = {isa = PBXBuildFile; fileRef = 658AC4D61E777B0D00EFD7C1 /* Assets.xcassets */; };
		658AC4DA1E777B0D00EFD7C1 /* LaunchScreen.storyboard in Resources */ = {isa = PBXBuildFile; fileRef = 658AC4D81E777B0D00EFD7C1 /* LaunchScreen.storyboard */; };
/* End PBXBuildFile section */

/* Begin PBXFileReference section */
		658AC4CC1E777B0D00EFD7C1 /* TipPro.app */ = {isa = PBXFileReference; explicitFileType = wrapper.application; includeInIndex = 0; path = TipPro.app; sourceTree = BUILT_PRODUCTS_DIR; };
		658AC4CF1E777B0D00EFD7C1 /* AppDelegate.swift */ = {isa = PBXFileReference; lastKnownFileType = sourcecode.swift; path = AppDelegate.swift; sourceTree = "<group>"; };
		658AC4D11E777B0D00EFD7C1 /* ViewController.swift */ = {isa = PBXFileReference; lastKnownFileType = sourcecode.swift; path = ViewController.swift; sourceTree = "<group>"; };
		658AC4D41E777B0D00EFD7C1 /* Base */ = {isa = PBXFileReference; lastKnownFileType = file.storyboard; name = Base; path = Base.lproj/Main.storyboard; sourceTree = "<group>"; };
		658AC4D61E777B0D00EFD7C1 /* Assets.xcassets */ = {isa = PBXFileReference; lastKnownFileType = folder.assetcatalog; path = Assets.xcassets; sourceTree = "<group>"; };
		658AC4D91E777B0D00EFD7C1 /* Base */ = {isa = PBXFileReference; lastKnownFileType = file.storyboard; name = Base; path = Base.lproj/LaunchScreen.storyboard; sourceTree = "<group>"; };
		658AC4DB1E777B0D00EFD7C1 /* Info.plist */ = {isa = PBXFileReference; lastKnownFileType = text.plist.xml; path = Info.plist; sourceTree = "<group>"; };
/* End PBXFileReference section */

/* Begin PBXFrameworksBuildPhase section */
		658AC4C91E777B0D00EFD7C1 /* Frameworks */ = {
			isa = PBXFrameworksBuildPhase;
			buildActionMask = 2147483647;
			files = (
			);
			runOnlyForDeploymentPostprocessing = 0;
		};
/* End PBXFrameworksBuildPhase section */

/* Begin PBXGroup section */
		658AC4C31E777B0D00EFD7C1 = {
			isa = PBXGroup;
			children = (
				658AC4CE1E777B0D00EFD7C1 /* TipPro */,
				658AC4CD1E777B0D00EFD7C1 /* Products */,
			);
			sourceTree = "<group>";
		};
		658AC4CD1E777B0D00EFD7C1 /* Products */ = {
			isa = PBXGroup;
			children = (
				658AC4CC1E777B0D00EFD7C1 /* TipPro.app */,
			);
			name = Products;
			sourceTree = "<group>";
		};
		658AC4CE1E777B0D00EFD7C1 /* TipPro */ = {
			isa = PBXGroup;
			children = (
				658AC4CF1E777B0D00EFD7C1 /* AppDelegate.swift */,
				658AC4D11E777B0D00EFD7C1 /* ViewController.swift */,
				658AC4D31E777B0D00EFD7C1 /* Main.storyboard */,
				658AC4D61E777B0D00EFD7C1 /* Assets.xcassets */,
				658AC4D81E777B0D00EFD7C1 /* LaunchScreen.storyboard */,
				658AC4DB1E777B0D00EFD7C1 /* Info.plist */,
			);
			path = TipPro;
			sourceTree = "<group>";
		};
/* End PBXGroup section */

/* Begin PBXNativeTarget section */
		658AC4CB1E777B0D00EFD7C1 /* TipPro */ = {
			isa = PBXNativeTarget;
			buildConfigurationList = 658AC4DE1E777B0D00EFD7C1 /* Build configuration list for PBXNativeTarget "TipPro" */;
			buildPhases = (
				658AC4C81E777B0D00EFD7C1 /* Sources */,
				658AC4C91E777B0D00EFD7C1 /* Frameworks */,
				658AC4CA1E777B0D00EFD7C1 /* Resources */,
			);
			buildRules = (
			);
			dependencies = (
			);
			name = TipPro;
			productName = TipPro;
			productReference = 658AC4CC1E777B0D00EFD7C1 /* TipPro.app */;
			productType = "com.apple.product-type.application";
		};
/* End PBXNativeTarget section */

/* Begin PBXProject section */
		658AC4C41E777B0D00EFD7C1 /* Project object */ = {
			isa = PBXProject;
			attributes = {
				LastSwiftUpdateCheck = 0820;
				LastUpgradeCheck = 0820;
				ORGANIZATIONNAME = "Grace Herbst";
				TargetAttributes = {
					658AC4CB1E777B0D00EFD7C1 = {
						CreatedOnToolsVersion = 8.2.1;
						DevelopmentTeam = T9GVHC2VWW;
						ProvisioningStyle = Automatic;
					};
				};
			};
			buildConfigurationList = 658AC4C71E777B0D00EFD7C1 /* Build configuration list for PBXProject "TipPro" */;
			compatibilityVersion = "Xcode 3.2";
			developmentRegion = English;
			hasScannedForEncodings = 0;
			knownRegions = (
				en,
				Base,
			);
			mainGroup = 658AC4C31E777B0D00EFD7C1;
			productRefGroup = 658AC4CD1E777B0D00EFD7C1 /* Products */;
			projectDirPath = "";
			projectRoot = "";
			targets = (
				658AC4CB1E777B0D00EFD7C1 /* TipPro */,
			);
		};
/* End PBXProject section */

/* Begin PBXResourcesBuildPhase section */
		658AC4CA1E777B0D00EFD7C1 /* Resources */ = {
			isa = PBXResourcesBuildPhase;
			buildActionMask = 2147483647;
			files = (
				658AC4DA1E777B0D00EFD7C1 /* LaunchScreen.storyboard in Resources */,
				658AC4D71E777B0D00EFD7C1 /* Assets.xcassets in Resources */,
				658AC4D51E777B0D00EFD7C1 /* Main.storyboard in Resources */,
			);
			runOnlyForDeploymentPostprocessing = 0;
		};
/* End PBXResourcesBuildPhase section */

/* Begin PBXSourcesBuildPhase section */
		658AC4C81E777B0D00EFD7C1 /* Sources */ = {
			isa = PBXSourcesBuildPhase;
			buildActionMask = 2147483647;
			files = (
				658AC4D21E777B0D00EFD7C1 /* ViewController.swift in Sources */,
				658AC4D01E777B0D00EFD7C1 /* AppDelegate.swift in Sources */,
			);
			runOnlyForDeploymentPostprocessing = 0;
		};
/* End PBXSourcesBuildPhase section */

/* Begin PBXVariantGroup section */
		658AC4D31E777B0D00EFD7C1 /* Main.storyboard */ = {
			isa = PBXVariantGroup;
			children = (
				658AC4D41E777B0D00EFD7C1 /* Base */,
			);
			name = Main.storyboard;
			sourceTree = "<group>";
		};
		658AC4D81E777B0D00EFD7C1 /* LaunchScreen.storyboard */ = {
			isa = PBXVariantGroup;
			children = (
				658AC4D91E777B0D00EFD7C1 /* Base */,
			);
			name = LaunchScreen.storyboard;
			sourceTree = "<group>";
		};
/* End PBXVariantGroup section */

/* Begin XCBuildConfiguration section */
		658AC4DC1E777B0D00EFD7C1 /* Debug */ = {
			isa = XCBuildConfiguration;
			buildSettings = {
				ALWAYS_SEARCH_USER_PATHS = NO;
				CLANG_ANALYZER_NONNULL = YES;
				CLANG_CXX_LANGUAGE_STANDARD = "gnu++0x";
				CLANG_CXX_LIBRARY = "libc++";
				CLANG_ENABLE_MODULES = YES;
				CLANG_ENABLE_OBJC_ARC = YES;
				CLANG_WARN_BOOL_CONVERSION = YES;
				CLANG_WARN_CONSTANT_CONVERSION = YES;
				CLANG_WARN_DIRECT_OBJC_ISA_USAGE = YES_ERROR;
				CLANG_WARN_DOCUMENTATION_COMMENTS = YES;
				CLANG_WARN_EMPTY_BODY = YES;
				CLANG_WARN_ENUM_CONVERSION = YES;
				CLANG_WARN_INFINITE_RECURSION = YES;
				CLANG_WARN_INT_CONVERSION = YES;
				CLANG_WARN_OBJC_ROOT_CLASS = YES_ERROR;
				CLANG_WARN_SUSPICIOUS_MOVE = YES;
				CLANG_WARN_UNREACHABLE_CODE = YES;
				CLANG_WARN__DUPLICATE_METHOD_MATCH = YES;
				"CODE_SIGN_IDENTITY[sdk=iphoneos*]" = "iPhone Developer";
				COPY_PHASE_STRIP = NO;
				DEBUG_INFORMATION_FORMAT = dwarf;
				ENABLE_STRICT_OBJC_MSGSEND = YES;
				ENABLE_TESTABILITY = YES;
				GCC_C_LANGUAGE_STANDARD = gnu99;
				GCC_DYNAMIC_NO_PIC = NO;
				GCC_NO_COMMON_BLOCKS = YES;
				GCC_OPTIMIZATION_LEVEL = 0;
				GCC_PREPROCESSOR_DEFINITIONS = (
					"DEBUG=1",
					"$(inherited)",
				);
				GCC_WARN_64_TO_32_BIT_CONVERSION = YES;
				GCC_WARN_ABOUT_RETURN_TYPE = YES_ERROR;
				GCC_WARN_UNDECLARED_SELECTOR = YES;
				GCC_WARN_UNINITIALIZED_AUTOS = YES_AGGRESSIVE;
				GCC_WARN_UNUSED_FUNCTION = YES;
				GCC_WARN_UNUSED_VARIABLE = YES;
				IPHONEOS_DEPLOYMENT_TARGET = 10.2;
				MTL_ENABLE_DEBUG_INFO = YES;
				ONLY_ACTIVE_ARCH = YES;
				SDKROOT = iphoneos;
				SWIFT_ACTIVE_COMPILATION_CONDITIONS = DEBUG;
				SWIFT_OPTIMIZATION_LEVEL = "-Onone";
			};
			name = Debug;
		};
		658AC4DD1E777B0D00EFD7C1 /* Release */ = {
			isa = XCBuildConfiguration;
			buildSettings = {
				ALWAYS_SEARCH_USER_PATHS = NO;
				CLANG_ANALYZER_NONNULL = YES;
				CLANG_CXX_LANGUAGE_STANDARD = "gnu++0x";
				CLANG_CXX_LIBRARY = "libc++";
				CLANG_ENABLE_MODULES = YES;
				CLANG_ENABLE_OBJC_ARC = YES;
				CLANG_WARN_BOOL_CONVERSION = YES;
				CLANG_WARN_CONSTANT_CONVERSION = YES;
				CLANG_WARN_DIRECT_OBJC_ISA_USAGE = YES_ERROR;
				CLANG_WARN_DOCUMENTATION_COMMENTS = YES;
				CLANG_WARN_EMPTY_BODY = YES;
				CLANG_WARN_ENUM_CONVERSION = YES;
				CLANG_WARN_INFINITE_RECURSION = YES;
				CLANG_WARN_INT_CONVERSION = YES;
				CLANG_WARN_OBJC_ROOT_CLASS = YES_ERROR;
				CLANG_WARN_SUSPICIOUS_MOVE = YES;
				CLANG_WARN_UNREACHABLE_CODE = YES;
				CLANG_WARN__DUPLICATE_METHOD_MATCH = YES;
				"CODE_SIGN_IDENTITY[sdk=iphoneos*]" = "iPhone Developer";
				COPY_PHASE_STRIP = NO;
				DEBUG_INFORMATION_FORMAT = "dwarf-with-dsym";
				ENABLE_NS_ASSERTIONS = NO;
				ENABLE_STRICT_OBJC_MSGSEND = YES;
				GCC_C_LANGUAGE_STANDARD = gnu99;
				GCC_NO_COMMON_BLOCKS = YES;
				GCC_WARN_64_TO_32_BIT_CONVERSION = YES;
				GCC_WARN_ABOUT_RETURN_TYPE = YES_ERROR;
				GCC_WARN_UNDECLARED_SELECTOR = YES;
				GCC_WARN_UNINITIALIZED_AUTOS = YES_AGGRESSIVE;
				GCC_WARN_UNUSED_FUNCTION = YES;
				GCC_WARN_UNUSED_VARIABLE = YES;
				IPHONEOS_DEPLOYMENT_TARGET = 10.2;
				MTL_ENABLE_DEBUG_INFO = NO;
				SDKROOT = iphoneos;
				SWIFT_OPTIMIZATION_LEVEL = "-Owholemodule";
				VALIDATE_PRODUCT = YES;
			};
			name = Release;
		};
		658AC4DF1E777B0D00EFD7C1 /* Debug */ = {
			isa = XCBuildConfiguration;
			buildSettings = {
				ASSETCATALOG_COMPILER_APPICON_NAME = AppIcon;
				DEVELOPMENT_TEAM = T9GVHC2VWW;
				INFOPLIST_FILE = TipPro/Info.plist;
				LD_RUNPATH_SEARCH_PATHS = "$(inherited) @executable_path/Frameworks";
				PRODUCT_BUNDLE_IDENTIFIER = com.graceherbst.TipPro;
				PRODUCT_NAME = "$(TARGET_NAME)";
				SWIFT_VERSION = 3.0;
			};
			name = Debug;
		};
		658AC4E01E777B0D00EFD7C1 /* Release */ = {
			isa = XCBuildConfiguration;
			buildSettings = {
				ASSETCATALOG_COMPILER_APPICON_NAME = AppIcon;
				DEVELOPMENT_TEAM = T9GVHC2VWW;
				INFOPLIST_FILE = TipPro/Info.plist;
				LD_RUNPATH_SEARCH_PATHS = "$(inherited) @executable_path/Frameworks";
				PRODUCT_BUNDLE_IDENTIFIER = com.graceherbst.TipPro;
				PRODUCT_NAME = "$(TARGET_NAME)";
				SWIFT_VERSION = 3.0;
			};
			name = Release;
		};
/* End XCBuildConfiguration section */

/* Begin XCConfigurationList section */
		658AC4C71E777B0D00EFD7C1 /* Build configuration list for PBXProject "TipPro" */ = {
			isa = XCConfigurationList;
			buildConfigurations = (
				658AC4DC1E777B0D00EFD7C1 /* Debug */,
				658AC4DD1E777B0D00EFD7C1 /* Release */,
			);
			defaultConfigurationIsVisible = 0;
			defaultConfigurationName = Release;
		};
		658AC4DE1E777B0D00EFD7C1 /* Build configuration list for PBXNativeTarget "TipPro" */ = {
			isa = XCConfigurationList;
			buildConfigurations = (
				658AC4DF1E777B0D00EFD7C1 /* Debug */,
				658AC4E01E777B0D00EFD7C1 /* Release */,
			);
			defaultConfigurationIsVisible = 0;
			defaultConfigurationName = Release;
		};
/* End XCConfigurationList section */
	};
	rootObject = 658AC4C41E777B0D00EFD7C1 /* Project object */;
}
